
Microsoft Visual Studio Solution File, Format Version 12.00
# Visual Studio Version 17
VisualStudioVersion = 17.5.33530.505
MinimumVisualStudioVersion = 10.0.40219.1
Project("{FAE04EC0-301F-11D3-BF4B-00C04F79EFBC}") = "Attendance.Api", "Attendance.Api\Attendance.Api.csproj", "{DCEB5B3E-4B80-4DAD-889D-A9031B64EEC2}"
EndProject
Global
	GlobalSection(SolutionConfigurationPlatforms) = preSolution
		Debug|Any CPU = Debug|Any CPU
		Release|Any CPU = Release|Any CPU
	EndGlobalSection
	GlobalSection(ProjectConfigurationPlatforms) = postSolution
		{DCEB5B3E-4B80-4DAD-889D-A9031B64EEC2}.Debug|Any CPU.ActiveCfg = Debug|Any CPU
		{DCEB5B3E-4B80-4DAD-889D-A9031B64EEC2}.Debug|Any CPU.Build.0 = Debug|Any CPU
		{DCEB5B3E-4B80-4DAD-889D-A9031B64EEC2}.Release|Any CPU.ActiveCfg = Release|Any CPU
		{DCEB5B3E-4B80-4DAD-889D-A9031B64EEC2}.Release|Any CPU.Build.0 = Release|Any CPU
	EndGlobalSection
	GlobalSection(SolutionProperties) = preSolution
		HideSolutionNode = FALSE
	EndGlobalSection
	GlobalSection(ExtensibilityGlobals) = postSolution
		SolutionGuid = {197B7F86-967D-4AFF-99AF-037BC201845D}
	EndGlobalSection
EndGlobal
